{
    "_meta": {
        "hash": {
            "sha256": "e48c954a3a53600f08713ac1d18aba33361e781f2bb30e50ca5cf56917c9d4b0"
        },
        "pipfile-spec": 6,
        "requires": {
            "python_version": "3.9"
        },
        "sources": [
            {
                "name": "pypi",
                "url": "https://pypi.org/simple",
                "verify_ssl": true
            }
        ]
    },
    "default": {
        "split-folders": {
            "hashes": [
                "sha256:1f67cb19839a126562ce2e6551d953ff76d70b23cbb902697079da5b68ce6fca",
                "sha256:a51f3c18a43421ff4f0bbe25f2185ffecde8ea6f3541ed1223f33d866efc9c93"
            ],
            "index": "pypi",
            "version": "==0.4.3"
        }
    },
    "develop": {}
}
